
Microsoft Visual Studio Solution File, Format Version 12.00
# Visual Studio 15
VisualStudioVersion = 15.0.27130.2020
MinimumVisualStudioVersion = 10.0.40219.1
Project("{FAE04EC0-301F-11D3-BF4B-00C04F79EFBC}") = "FeatureToggle", "FeatureToggle\FeatureToggle.csproj", "{D725EAC9-533F-436B-8EF5-E0FF1545D262}"
EndProject
Project("{FAE04EC0-301F-11D3-BF4B-00C04F79EFBC}") = "FeatureToggleTests", "FeatureToggleTests\FeatureToggleTests.csproj", "{1F766247-DDBA-4F89-A5C3-1440FC39F8E4}"
EndProject
Project("{FAE04EC0-301F-11D3-BF4B-00C04F79EFBC}") = "ToggleExceptions", "ToggleExceptions\ToggleExceptions.csproj", "{3758D472-90C1-4C1E-92EC-73769B7CD2BE}"
EndProject
Global
	GlobalSection(SolutionConfigurationPlatforms) = preSolution
		Debug|Any CPU = Debug|Any CPU
		Release|Any CPU = Release|Any CPU
	EndGlobalSection
	GlobalSection(ProjectConfigurationPlatforms) = postSolution
		{D725EAC9-533F-436B-8EF5-E0FF1545D262}.Debug|Any CPU.ActiveCfg = Debug|Any CPU
		{D725EAC9-533F-436B-8EF5-E0FF1545D262}.Debug|Any CPU.Build.0 = Debug|Any CPU
		{D725EAC9-533F-436B-8EF5-E0FF1545D262}.Release|Any CPU.ActiveCfg = Release|Any CPU
		{D725EAC9-533F-436B-8EF5-E0FF1545D262}.Release|Any CPU.Build.0 = Release|Any CPU
		{1F766247-DDBA-4F89-A5C3-1440FC39F8E4}.Debug|Any CPU.ActiveCfg = Debug|Any CPU
		{1F766247-DDBA-4F89-A5C3-1440FC39F8E4}.Debug|Any CPU.Build.0 = Debug|Any CPU
		{1F766247-DDBA-4F89-A5C3-1440FC39F8E4}.Release|Any CPU.ActiveCfg = Release|Any CPU
		{1F766247-DDBA-4F89-A5C3-1440FC39F8E4}.Release|Any CPU.Build.0 = Release|Any CPU
		{3758D472-90C1-4C1E-92EC-73769B7CD2BE}.Debug|Any CPU.ActiveCfg = Debug|Any CPU
		{3758D472-90C1-4C1E-92EC-73769B7CD2BE}.Debug|Any CPU.Build.0 = Debug|Any CPU
		{3758D472-90C1-4C1E-92EC-73769B7CD2BE}.Release|Any CPU.ActiveCfg = Release|Any CPU
		{3758D472-90C1-4C1E-92EC-73769B7CD2BE}.Release|Any CPU.Build.0 = Release|Any CPU
	EndGlobalSection
	GlobalSection(SolutionProperties) = preSolution
		HideSolutionNode = FALSE
	EndGlobalSection
	GlobalSection(ExtensibilityGlobals) = postSolution
		SolutionGuid = {B992FEB6-D46A-4593-835D-4CD99204F15A}
	EndGlobalSection
EndGlobal
